// !$*UTF8*$!
{
	archiveVersion = 1;
	classes = {
	};
	objectVersion = 46;
	objects = {

/* Begin PBXBuildFile section */
		A702975E1A6F798100B1E62F /* main.m in Sources */ = {isa = PBXBuildFile; fileRef = A702975D1A6F798100B1E62F /* main.m */; };
		A70297611A6F798100B1E62F /* AppDelegate.m in Sources */ = {isa = PBXBuildFile; fileRef = A70297601A6F798100B1E62F /* AppDelegate.m */; };
		A70297641A6F798100B1E62F /* ViewController.m in Sources */ = {isa = PBXBuildFile; fileRef = A70297631A6F798100B1E62F /* ViewController.m */; };
		A70297671A6F798100B1E62F /* Main.storyboard in Resources */ = {isa = PBXBuildFile; fileRef = A70297651A6F798100B1E62F /* Main.storyboard */; };
		A70297691A6F798100B1E62F /* Images.xcassets in Resources */ = {isa = PBXBuildFile; fileRef = A70297681A6F798100B1E62F /* Images.xcassets */; };
		A702976C1A6F798100B1E62F /* LaunchScreen.xib in Resources */ = {isa = PBXBuildFile; fileRef = A702976A1A6F798100B1E62F /* LaunchScreen.xib */; };
		A70297781A6F798100B1E62F /* WJChartTests.m in Sources */ = {isa = PBXBuildFile; fileRef = A70297771A6F798100B1E62F /* WJChartTests.m */; };
		A70297831A6F7B7300B1E62F /* WJLineChart.m in Sources */ = {isa = PBXBuildFile; fileRef = A70297821A6F7B7300B1E62F /* WJLineChart.m */; };
		A70297861A6F7C6600B1E62F /* WJLineChartData.m in Sources */ = {isa = PBXBuildFile; fileRef = A70297851A6F7C6600B1E62F /* WJLineChartData.m */; };
		A70297891A6F7C7E00B1E62F /* WJLineChartDataItem.m in Sources */ = {isa = PBXBuildFile; fileRef = A70297881A6F7C7E00B1E62F /* WJLineChartDataItem.m */; };
		A702978C1A6F85A200B1E62F /* WJLineChartAxis.m in Sources */ = {isa = PBXBuildFile; fileRef = A702978B1A6F85A200B1E62F /* WJLineChartAxis.m */; };
		A702978F1A6F898400B1E62F /* AxisLabel.m in Sources */ = {isa = PBXBuildFile; fileRef = A702978E1A6F898400B1E62F /* AxisLabel.m */; };
		A7A510131A76110000480204 /* WJColor.m in Sources */ = {isa = PBXBuildFile; fileRef = A7A510121A76110000480204 /* WJColor.m */; };
/* End PBXBuildFile section */

/* Begin PBXContainerItemProxy section */
		A70297721A6F798100B1E62F /* PBXContainerItemProxy */ = {
			isa = PBXContainerItemProxy;
			containerPortal = A70297501A6F798100B1E62F /* Project object */;
			proxyType = 1;
			remoteGlobalIDString = A70297571A6F798100B1E62F;
			remoteInfo = WJChart;
		};
/* End PBXContainerItemProxy section */

/* Begin PBXFileReference section */
		A70297581A6F798100B1E62F /* WJChart.app */ = {isa = PBXFileReference; explicitFileType = wrapper.application; includeInIndex = 0; path = WJChart.app; sourceTree = BUILT_PRODUCTS_DIR; };
		A702975C1A6F798100B1E62F /* Info.plist */ = {isa = PBXFileReference; lastKnownFileType = text.plist.xml; path = Info.plist; sourceTree = "<group>"; };
		A702975D1A6F798100B1E62F /* main.m */ = {isa = PBXFileReference; lastKnownFileType = sourcecode.c.objc; path = main.m; sourceTree = "<group>"; };
		A702975F1A6F798100B1E62F /* AppDelegate.h */ = {isa = PBXFileReference; lastKnownFileType = sourcecode.c.h; path = AppDelegate.h; sourceTree = "<group>"; };
		A70297601A6F798100B1E62F /* AppDelegate.m */ = {isa = PBXFileReference; lastKnownFileType = sourcecode.c.objc; path = AppDelegate.m; sourceTree = "<group>"; };
		A70297621A6F798100B1E62F /* ViewController.h */ = {isa = PBXFileReference; lastKnownFileType = sourcecode.c.h; path = ViewController.h; sourceTree = "<group>"; };
		A70297631A6F798100B1E62F /* ViewController.m */ = {isa = PBXFileReference; lastKnownFileType = sourcecode.c.objc; path = ViewController.m; sourceTree = "<group>"; };
		A70297661A6F798100B1E62F /* Base */ = {isa = PBXFileReference; lastKnownFileType = file.storyboard; name = Base; path = Base.lproj/Main.storyboard; sourceTree = "<group>"; };
		A70297681A6F798100B1E62F /* Images.xcassets */ = {isa = PBXFileReference; lastKnownFileType = folder.assetcatalog; path = Images.xcassets; sourceTree = "<group>"; };
		A702976B1A6F798100B1E62F /* Base */ = {isa = PBXFileReference; lastKnownFileType = file.xib; name = Base; path = Base.lproj/LaunchScreen.xib; sourceTree = "<group>"; };
		A70297711A6F798100B1E62F /* WJChartTests.xctest */ = {isa = PBXFileReference; explicitFileType = wrapper.cfbundle; includeInIndex = 0; path = WJChartTests.xctest; sourceTree = BUILT_PRODUCTS_DIR; };
		A70297761A6F798100B1E62F /* Info.plist */ = {isa = PBXFileReference; lastKnownFileType = text.plist.xml; path = Info.plist; sourceTree = "<group>"; };
		A70297771A6F798100B1E62F /* WJChartTests.m */ = {isa = PBXFileReference; lastKnownFileType = sourcecode.c.objc; path = WJChartTests.m; sourceTree = "<group>"; };
		A70297811A6F7B7300B1E62F /* WJLineChart.h */ = {isa = PBXFileReference; fileEncoding = 4; lastKnownFileType = sourcecode.c.h; path = WJLineChart.h; sourceTree = "<group>"; };
		A70297821A6F7B7300B1E62F /* WJLineChart.m */ = {isa = PBXFileReference; fileEncoding = 4; lastKnownFileType = sourcecode.c.objc; path = WJLineChart.m; sourceTree = "<group>"; };
		A70297841A6F7C6600B1E62F /* WJLineChartData.h */ = {isa = PBXFileReference; fileEncoding = 4; lastKnownFileType = sourcecode.c.h; path = WJLineChartData.h; sourceTree = "<group>"; };
		A70297851A6F7C6600B1E62F /* WJLineChartData.m */ = {isa = PBXFileReference; fileEncoding = 4; lastKnownFileType = sourcecode.c.objc; path = WJLineChartData.m; sourceTree = "<group>"; };
		A70297871A6F7C7E00B1E62F /* WJLineChartDataItem.h */ = {isa = PBXFileReference; fileEncoding = 4; lastKnownFileType = sourcecode.c.h; path = WJLineChartDataItem.h; sourceTree = "<group>"; };
		A70297881A6F7C7E00B1E62F /* WJLineChartDataItem.m */ = {isa = PBXFileReference; fileEncoding = 4; lastKnownFileType = sourcecode.c.objc; path = WJLineChartDataItem.m; sourceTree = "<group>"; };
		A702978A1A6F85A200B1E62F /* WJLineChartAxis.h */ = {isa = PBXFileReference; fileEncoding = 4; lastKnownFileType = sourcecode.c.h; path = WJLineChartAxis.h; sourceTree = "<group>"; };
		A702978B1A6F85A200B1E62F /* WJLineChartAxis.m */ = {isa = PBXFileReference; fileEncoding = 4; lastKnownFileType = sourcecode.c.objc; path = WJLineChartAxis.m; sourceTree = "<group>"; };
		A702978D1A6F898400B1E62F /* AxisLabel.h */ = {isa = PBXFileReference; fileEncoding = 4; lastKnownFileType = sourcecode.c.h; path = AxisLabel.h; sourceTree = "<group>"; };
		A702978E1A6F898400B1E62F /* AxisLabel.m */ = {isa = PBXFileReference; fileEncoding = 4; lastKnownFileType = sourcecode.c.objc; path = AxisLabel.m; sourceTree = "<group>"; };
		A7A510111A76110000480204 /* WJColor.h */ = {isa = PBXFileReference; fileEncoding = 4; lastKnownFileType = sourcecode.c.h; path = WJColor.h; sourceTree = "<group>"; };
		A7A510121A76110000480204 /* WJColor.m */ = {isa = PBXFileReference; fileEncoding = 4; lastKnownFileType = sourcecode.c.objc; path = WJColor.m; sourceTree = "<group>"; };
		A7A510141A76236500480204 /* WJChartDelegate.h */ = {isa = PBXFileReference; fileEncoding = 4; lastKnownFileType = sourcecode.c.h; path = WJChartDelegate.h; sourceTree = "<group>"; };
/* End PBXFileReference section */

/* Begin PBXFrameworksBuildPhase section */
		A70297551A6F798100B1E62F /* Frameworks */ = {
			isa = PBXFrameworksBuildPhase;
			buildActionMask = 2147483647;
			files = (
			);
			runOnlyForDeploymentPostprocessing = 0;
		};
		A702976E1A6F798100B1E62F /* Frameworks */ = {
			isa = PBXFrameworksBuildPhase;
			buildActionMask = 2147483647;
			files = (
			);
			runOnlyForDeploymentPostprocessing = 0;
		};
/* End PBXFrameworksBuildPhase section */

/* Begin PBXGroup section */
		A702974F1A6F798100B1E62F = {
			isa = PBXGroup;
			children = (
				A702975A1A6F798100B1E62F /* WJChart */,
				A70297741A6F798100B1E62F /* WJChartTests */,
				A70297591A6F798100B1E62F /* Products */,
			);
			sourceTree = "<group>";
		};
		A70297591A6F798100B1E62F /* Products */ = {
			isa = PBXGroup;
			children = (
				A70297581A6F798100B1E62F /* WJChart.app */,
				A70297711A6F798100B1E62F /* WJChartTests.xctest */,
			);
			name = Products;
			sourceTree = "<group>";
		};
		A702975A1A6F798100B1E62F /* WJChart */ = {
			isa = PBXGroup;
			children = (
				A7A510141A76236500480204 /* WJChartDelegate.h */,
				A7A510111A76110000480204 /* WJColor.h */,
				A7A510121A76110000480204 /* WJColor.m */,
				A702975F1A6F798100B1E62F /* AppDelegate.h */,
				A70297601A6F798100B1E62F /* AppDelegate.m */,
				A70297621A6F798100B1E62F /* ViewController.h */,
				A70297631A6F798100B1E62F /* ViewController.m */,
				A70297651A6F798100B1E62F /* Main.storyboard */,
				A70297681A6F798100B1E62F /* Images.xcassets */,
				A702976A1A6F798100B1E62F /* LaunchScreen.xib */,
				A702975B1A6F798100B1E62F /* Supporting Files */,
				A702978D1A6F898400B1E62F /* AxisLabel.h */,
				A702978E1A6F898400B1E62F /* AxisLabel.m */,
				A702978A1A6F85A200B1E62F /* WJLineChartAxis.h */,
				A702978B1A6F85A200B1E62F /* WJLineChartAxis.m */,
				A70297811A6F7B7300B1E62F /* WJLineChart.h */,
				A70297821A6F7B7300B1E62F /* WJLineChart.m */,
				A70297841A6F7C6600B1E62F /* WJLineChartData.h */,
				A70297851A6F7C6600B1E62F /* WJLineChartData.m */,
				A70297871A6F7C7E00B1E62F /* WJLineChartDataItem.h */,
				A70297881A6F7C7E00B1E62F /* WJLineChartDataItem.m */,
			);
			path = WJChart;
			sourceTree = "<group>";
		};
		A702975B1A6F798100B1E62F /* Supporting Files */ = {
			isa = PBXGroup;
			children = (
				A702975C1A6F798100B1E62F /* Info.plist */,
				A702975D1A6F798100B1E62F /* main.m */,
			);
			name = "Supporting Files";
			sourceTree = "<group>";
		};
		A70297741A6F798100B1E62F /* WJChartTests */ = {
			isa = PBXGroup;
			children = (
				A70297771A6F798100B1E62F /* WJChartTests.m */,
				A70297751A6F798100B1E62F /* Supporting Files */,
			);
			path = WJChartTests;
			sourceTree = "<group>";
		};
		A70297751A6F798100B1E62F /* Supporting Files */ = {
			isa = PBXGroup;
			children = (
				A70297761A6F798100B1E62F /* Info.plist */,
			);
			name = "Supporting Files";
			sourceTree = "<group>";
		};
/* End PBXGroup section */

/* Begin PBXNativeTarget section */
		A70297571A6F798100B1E62F /* WJChart */ = {
			isa = PBXNativeTarget;
			buildConfigurationList = A702977B1A6F798100B1E62F /* Build configuration list for PBXNativeTarget "WJChart" */;
			buildPhases = (
				A70297541A6F798100B1E62F /* Sources */,
				A70297551A6F798100B1E62F /* Frameworks */,
				A70297561A6F798100B1E62F /* Resources */,
			);
			buildRules = (
			);
			dependencies = (
			);
			name = WJChart;
			productName = WJChart;
			productReference = A70297581A6F798100B1E62F /* WJChart.app */;
			productType = "com.apple.product-type.application";
		};
		A70297701A6F798100B1E62F /* WJChartTests */ = {
			isa = PBXNativeTarget;
			buildConfigurationList = A702977E1A6F798100B1E62F /* Build configuration list for PBXNativeTarget "WJChartTests" */;
			buildPhases = (
				A702976D1A6F798100B1E62F /* Sources */,
				A702976E1A6F798100B1E62F /* Frameworks */,
				A702976F1A6F798100B1E62F /* Resources */,
			);
			buildRules = (
			);
			dependencies = (
				A70297731A6F798100B1E62F /* PBXTargetDependency */,
			);
			name = WJChartTests;
			productName = WJChartTests;
			productReference = A70297711A6F798100B1E62F /* WJChartTests.xctest */;
			productType = "com.apple.product-type.bundle.unit-test";
		};
/* End PBXNativeTarget section */

/* Begin PBXProject section */
		A70297501A6F798100B1E62F /* Project object */ = {
			isa = PBXProject;
			attributes = {
				LastUpgradeCheck = 0610;
				ORGANIZATIONNAME = "Alireza Arabi";
				TargetAttributes = {
					A70297571A6F798100B1E62F = {
						CreatedOnToolsVersion = 6.1;
					};
					A70297701A6F798100B1E62F = {
						CreatedOnToolsVersion = 6.1;
						TestTargetID = A70297571A6F798100B1E62F;
					};
				};
			};
			buildConfigurationList = A70297531A6F798100B1E62F /* Build configuration list for PBXProject "WJChart" */;
			compatibilityVersion = "Xcode 3.2";
			developmentRegion = English;
			hasScannedForEncodings = 0;
			knownRegions = (
				en,
				Base,
			);
			mainGroup = A702974F1A6F798100B1E62F;
			productRefGroup = A70297591A6F798100B1E62F /* Products */;
			projectDirPath = "";
			projectRoot = "";
			targets = (
				A70297571A6F798100B1E62F /* WJChart */,
				A70297701A6F798100B1E62F /* WJChartTests */,
			);
		};
/* End PBXProject section */

/* Begin PBXResourcesBuildPhase section */
		A70297561A6F798100B1E62F /* Resources */ = {
			isa = PBXResourcesBuildPhase;
			buildActionMask = 2147483647;
			files = (
				A70297671A6F798100B1E62F /* Main.storyboard in Resources */,
				A702976C1A6F798100B1E62F /* LaunchScreen.xib in Resources */,
				A70297691A6F798100B1E62F /* Images.xcassets in Resources */,
			);
			runOnlyForDeploymentPostprocessing = 0;
		};
		A702976F1A6F798100B1E62F /* Resources */ = {
			isa = PBXResourcesBuildPhase;
			buildActionMask = 2147483647;
			files = (
			);
			runOnlyForDeploymentPostprocessing = 0;
		};
/* End PBXResourcesBuildPhase section */

/* Begin PBXSourcesBuildPhase section */
		A70297541A6F798100B1E62F /* Sources */ = {
			isa = PBXSourcesBuildPhase;
			buildActionMask = 2147483647;
			files = (
				A70297641A6F798100B1E62F /* ViewController.m in Sources */,
				A7A510131A76110000480204 /* WJColor.m in Sources */,
				A70297861A6F7C6600B1E62F /* WJLineChartData.m in Sources */,
				A702978C1A6F85A200B1E62F /* WJLineChartAxis.m in Sources */,
				A702978F1A6F898400B1E62F /* AxisLabel.m in Sources */,
				A70297611A6F798100B1E62F /* AppDelegate.m in Sources */,
				A702975E1A6F798100B1E62F /* main.m in Sources */,
				A70297891A6F7C7E00B1E62F /* WJLineChartDataItem.m in Sources */,
				A70297831A6F7B7300B1E62F /* WJLineChart.m in Sources */,
			);
			runOnlyForDeploymentPostprocessing = 0;
		};
		A702976D1A6F798100B1E62F /* Sources */ = {
			isa = PBXSourcesBuildPhase;
			buildActionMask = 2147483647;
			files = (
				A70297781A6F798100B1E62F /* WJChartTests.m in Sources */,
			);
			runOnlyForDeploymentPostprocessing = 0;
		};
/* End PBXSourcesBuildPhase section */

/* Begin PBXTargetDependency section */
		A70297731A6F798100B1E62F /* PBXTargetDependency */ = {
			isa = PBXTargetDependency;
			target = A70297571A6F798100B1E62F /* WJChart */;
			targetProxy = A70297721A6F798100B1E62F /* PBXContainerItemProxy */;
		};
/* End PBXTargetDependency section */

/* Begin PBXVariantGroup section */
		A70297651A6F798100B1E62F /* Main.storyboard */ = {
			isa = PBXVariantGroup;
			children = (
				A70297661A6F798100B1E62F /* Base */,
			);
			name = Main.storyboard;
			sourceTree = "<group>";
		};
		A702976A1A6F798100B1E62F /* LaunchScreen.xib */ = {
			isa = PBXVariantGroup;
			children = (
				A702976B1A6F798100B1E62F /* Base */,
			);
			name = LaunchScreen.xib;
			sourceTree = "<group>";
		};
/* End PBXVariantGroup section */

/* Begin XCBuildConfiguration section */
		A70297791A6F798100B1E62F /* Debug */ = {
			isa = XCBuildConfiguration;
			buildSettings = {
				ALWAYS_SEARCH_USER_PATHS = NO;
				CLANG_CXX_LANGUAGE_STANDARD = "gnu++0x";
				CLANG_CXX_LIBRARY = "libc++";
				CLANG_ENABLE_MODULES = YES;
				CLANG_ENABLE_OBJC_ARC = YES;
				CLANG_WARN_BOOL_CONVERSION = YES;
				CLANG_WARN_CONSTANT_CONVERSION = YES;
				CLANG_WARN_DIRECT_OBJC_ISA_USAGE = YES_ERROR;
				CLANG_WARN_EMPTY_BODY = YES;
				CLANG_WARN_ENUM_CONVERSION = YES;
				CLANG_WARN_INT_CONVERSION = YES;
				CLANG_WARN_OBJC_ROOT_CLASS = YES_ERROR;
				CLANG_WARN_UNREACHABLE_CODE = YES;
				CLANG_WARN__DUPLICATE_METHOD_MATCH = YES;
				"CODE_SIGN_IDENTITY[sdk=iphoneos*]" = "iPhone Developer";
				COPY_PHASE_STRIP = NO;
				ENABLE_STRICT_OBJC_MSGSEND = YES;
				GCC_C_LANGUAGE_STANDARD = gnu99;
				GCC_DYNAMIC_NO_PIC = NO;
				GCC_OPTIMIZATION_LEVEL = 0;
				GCC_PREPROCESSOR_DEFINITIONS = (
					"DEBUG=1",
					"$(inherited)",
				);
				GCC_SYMBOLS_PRIVATE_EXTERN = NO;
				GCC_WARN_64_TO_32_BIT_CONVERSION = YES;
				GCC_WARN_ABOUT_RETURN_TYPE = YES_ERROR;
				GCC_WARN_UNDECLARED_SELECTOR = YES;
				GCC_WARN_UNINITIALIZED_AUTOS = YES_AGGRESSIVE;
				GCC_WARN_UNUSED_FUNCTION = YES;
				GCC_WARN_UNUSED_VARIABLE = YES;
				IPHONEOS_DEPLOYMENT_TARGET = 8.1;
				MTL_ENABLE_DEBUG_INFO = YES;
				ONLY_ACTIVE_ARCH = YES;
				SDKROOT = iphoneos;
				TARGETED_DEVICE_FAMILY = "1,2";
			};
			name = Debug;
		};
		A702977A1A6F798100B1E62F /* Release */ = {
			isa = XCBuildConfiguration;
			buildSettings = {
				ALWAYS_SEARCH_USER_PATHS = NO;
				CLANG_CXX_LANGUAGE_STANDARD = "gnu++0x";
				CLANG_CXX_LIBRARY = "libc++";
				CLANG_ENABLE_MODULES = YES;
				CLANG_ENABLE_OBJC_ARC = YES;
				CLANG_WARN_BOOL_CONVERSION = YES;
				CLANG_WARN_CONSTANT_CONVERSION = YES;
				CLANG_WARN_DIRECT_OBJC_ISA_USAGE = YES_ERROR;
				CLANG_WARN_EMPTY_BODY = YES;
				CLANG_WARN_ENUM_CONVERSION = YES;
				CLANG_WARN_INT_CONVERSION = YES;
				CLANG_WARN_OBJC_ROOT_CLASS = YES_ERROR;
				CLANG_WARN_UNREACHABLE_CODE = YES;
				CLANG_WARN__DUPLICATE_METHOD_MATCH = YES;
				"CODE_SIGN_IDENTITY[sdk=iphoneos*]" = "iPhone Developer";
				COPY_PHASE_STRIP = YES;
				ENABLE_NS_ASSERTIONS = NO;
				ENABLE_STRICT_OBJC_MSGSEND = YES;
				GCC_C_LANGUAGE_STANDARD = gnu99;
				GCC_WARN_64_TO_32_BIT_CONVERSION = YES;
				GCC_WARN_ABOUT_RETURN_TYPE = YES_ERROR;
				GCC_WARN_UNDECLARED_SELECTOR = YES;
				GCC_WARN_UNINITIALIZED_AUTOS = YES_AGGRESSIVE;
				GCC_WARN_UNUSED_FUNCTION = YES;
				GCC_WARN_UNUSED_VARIABLE = YES;
				IPHONEOS_DEPLOYMENT_TARGET = 8.1;
				MTL_ENABLE_DEBUG_INFO = NO;
				SDKROOT = iphoneos;
				TARGETED_DEVICE_FAMILY = "1,2";
				VALIDATE_PRODUCT = YES;
			};
			name = Release;
		};
		A702977C1A6F798100B1E62F /* Debug */ = {
			isa = XCBuildConfiguration;
			buildSettings = {
				ASSETCATALOG_COMPILER_APPICON_NAME = AppIcon;
				INFOPLIST_FILE = WJChart/Info.plist;
				LD_RUNPATH_SEARCH_PATHS = "$(inherited) @executable_path/Frameworks";
				PRODUCT_NAME = "$(TARGET_NAME)";
			};
			name = Debug;
		};
		A702977D1A6F798100B1E62F /* Release */ = {
			isa = XCBuildConfiguration;
			buildSettings = {
				ASSETCATALOG_COMPILER_APPICON_NAME = AppIcon;
				INFOPLIST_FILE = WJChart/Info.plist;
				LD_RUNPATH_SEARCH_PATHS = "$(inherited) @executable_path/Frameworks";
				PRODUCT_NAME = "$(TARGET_NAME)";
			};
			name = Release;
		};
		A702977F1A6F798100B1E62F /* Debug */ = {
			isa = XCBuildConfiguration;
			buildSettings = {
				BUNDLE_LOADER = "$(TEST_HOST)";
				FRAMEWORK_SEARCH_PATHS = (
					"$(SDKROOT)/Developer/Library/Frameworks",
					"$(inherited)",
				);
				GCC_PREPROCESSOR_DEFINITIONS = (
					"DEBUG=1",
					"$(inherited)",
				);
				INFOPLIST_FILE = WJChartTests/Info.plist;
				LD_RUNPATH_SEARCH_PATHS = "$(inherited) @executable_path/Frameworks @loader_path/Frameworks";
				PRODUCT_NAME = "$(TARGET_NAME)";
				TEST_HOST = "$(BUILT_PRODUCTS_DIR)/WJChart.app/WJChart";
			};
			name = Debug;
		};
		A70297801A6F798100B1E62F /* Release */ = {
			isa = XCBuildConfiguration;
			buildSettings = {
				BUNDLE_LOADER = "$(TEST_HOST)";
				FRAMEWORK_SEARCH_PATHS = (
					"$(SDKROOT)/Developer/Library/Frameworks",
					"$(inherited)",
				);
				INFOPLIST_FILE = WJChartTests/Info.plist;
				LD_RUNPATH_SEARCH_PATHS = "$(inherited) @executable_path/Frameworks @loader_path/Frameworks";
				PRODUCT_NAME = "$(TARGET_NAME)";
				TEST_HOST = "$(BUILT_PRODUCTS_DIR)/WJChart.app/WJChart";
			};
			name = Release;
		};
/* End XCBuildConfiguration section */

/* Begin XCConfigurationList section */
		A70297531A6F798100B1E62F /* Build configuration list for PBXProject "WJChart" */ = {
			isa = XCConfigurationList;
			buildConfigurations = (
				A70297791A6F798100B1E62F /* Debug */,
				A702977A1A6F798100B1E62F /* Release */,
			);
			defaultConfigurationIsVisible = 0;
			defaultConfigurationName = Release;
		};
		A702977B1A6F798100B1E62F /* Build configuration list for PBXNativeTarget "WJChart" */ = {
			isa = XCConfigurationList;
			buildConfigurations = (
				A702977C1A6F798100B1E62F /* Debug */,
				A702977D1A6F798100B1E62F /* Release */,
			);
			defaultConfigurationIsVisible = 0;
			defaultConfigurationName = Release;
		};
		A702977E1A6F798100B1E62F /* Build configuration list for PBXNativeTarget "WJChartTests" */ = {
			isa = XCConfigurationList;
			buildConfigurations = (
				A702977F1A6F798100B1E62F /* Debug */,
				A70297801A6F798100B1E62F /* Release */,
			);
			defaultConfigurationIsVisible = 0;
			defaultConfigurationName = Release;
		};
/* End XCConfigurationList section */
	};
	rootObject = A70297501A6F798100B1E62F /* Project object */;
}
